
Microsoft Visual Studio Solution File, Format Version 12.00
# Visual Studio Version 17
VisualStudioVersion = 17.3.32901.215
MinimumVisualStudioVersion = 10.0.40219.1
Project("{FAE04EC0-301F-11D3-BF4B-00C04F79EFBC}") = "cloudsharpback", "cloudsharpback\cloudsharpback.csproj", "{49031E58-31B8-4C2C-B39B-1806E30BA712}"
EndProject
Project("{FAE04EC0-301F-11D3-BF4B-00C04F79EFBC}") = "cloudsharpback.Test", "cloudsharpback.Test\cloudsharpback.Test.csproj", "{57728CF6-9C71-41C0-9B17-207C063E38EC}"
EndProject
Global
	GlobalSection(SolutionConfigurationPlatforms) = preSolution
		Debug|Any CPU = Debug|Any CPU
		Release|Any CPU = Release|Any CPU
	EndGlobalSection
	GlobalSection(ProjectConfigurationPlatforms) = postSolution
		{49031E58-31B8-4C2C-B39B-1806E30BA712}.Debug|Any CPU.ActiveCfg = Debug|Any CPU
		{49031E58-31B8-4C2C-B39B-1806E30BA712}.Debug|Any CPU.Build.0 = Debug|Any CPU
		{49031E58-31B8-4C2C-B39B-1806E30BA712}.Release|Any CPU.ActiveCfg = Release|Any CPU
		{49031E58-31B8-4C2C-B39B-1806E30BA712}.Release|Any CPU.Build.0 = Release|Any CPU
		{57728CF6-9C71-41C0-9B17-207C063E38EC}.Debug|Any CPU.ActiveCfg = Debug|Any CPU
		{57728CF6-9C71-41C0-9B17-207C063E38EC}.Debug|Any CPU.Build.0 = Debug|Any CPU
		{57728CF6-9C71-41C0-9B17-207C063E38EC}.Release|Any CPU.ActiveCfg = Release|Any CPU
		{57728CF6-9C71-41C0-9B17-207C063E38EC}.Release|Any CPU.Build.0 = Release|Any CPU
	EndGlobalSection
	GlobalSection(SolutionProperties) = preSolution
		HideSolutionNode = FALSE
	EndGlobalSection
	GlobalSection(ExtensibilityGlobals) = postSolution
		SolutionGuid = {2461E6C6-71FE-4AD5-9E70-8E837158658B}
	EndGlobalSection
EndGlobal
